
Microsoft Visual Studio Solution File, Format Version 12.00
# Visual Studio Version 17
VisualStudioVersion = 17.12.35707.178
MinimumVisualStudioVersion = 10.0.40219.1
Project("{FAE04EC0-301F-11D3-BF4B-00C04F79EFBC}") = "RentCRL.Web", "RentCRL.Web\RentCRL.Web.csproj", "{52B28D4B-469D-4693-BC3A-DCF1153CCE8A}"
EndProject
Project("{FAE04EC0-301F-11D3-BF4B-00C04F79EFBC}") = "RentCRL.Presentation", "RentCRL.Presentation\RentCRL.Presentation.csproj", "{AE8FD850-F51C-4E26-B10F-CC50E70D0FE0}"
EndProject
Project("{FAE04EC0-301F-11D3-BF4B-00C04F79EFBC}") = "RentCRL.Application", "RentCRL.Application\RentCRL.Application.csproj", "{63787BA0-B0F2-43CF-B96D-5965D26C590F}"
EndProject
Project("{FAE04EC0-301F-11D3-BF4B-00C04F79EFBC}") = "RentCRL.Domain", "RentCRL.Domain\RentCRL.Domain.csproj", "{3E5E3EBF-3B96-4893-8815-C4C636647A1B}"
EndProject
Project("{FAE04EC0-301F-11D3-BF4B-00C04F79EFBC}") = "RentCRL.Infrastructure", "RentCRL.Infrastructure\RentCRL.Infrastructure.csproj", "{BD3748AB-84D7-4102-BE86-51D03BA79A42}"
EndProject
Project("{FAE04EC0-301F-11D3-BF4B-00C04F79EFBC}") = "RentCRL.Domain.Tests.Unit", "RentCRL.Domain.Tests.Unit\RentCRL.Domain.Tests.Unit.csproj", "{B6B9733F-1B45-4500-A4E4-D6FDEEC487EC}"
EndProject
Project("{2150E333-8FDC-42A3-9474-1A3956D46DE8}") = "01-Domain", "01-Domain", "{02EA681E-C7D8-13C7-8484-4AC65E1B71E8}"
EndProject
Project("{2150E333-8FDC-42A3-9474-1A3956D46DE8}") = "02-Infrastructure", "02-Infrastructure", "{87FF954D-092C-4179-AFFC-96218851EA59}"
EndProject
Project("{2150E333-8FDC-42A3-9474-1A3956D46DE8}") = "03-Application", "03-Application", "{6F80D9AF-5724-4CE7-99E5-5FE90332C282}"
EndProject
Project("{2150E333-8FDC-42A3-9474-1A3956D46DE8}") = "04-Presentation", "04-Presentation", "{49B4D1A2-0C6F-44C0-B09C-88B9EC728D1F}"
EndProject
Project("{FAE04EC0-301F-11D3-BF4B-00C04F79EFBC}") = "RentCRL.Tests.Utils", "RentCRL.Tests.Utils\RentCRL.Tests.Utils.csproj", "{38348E33-7E4E-4336-AA3D-1C47E8E5BADA}"
EndProject
Global
	GlobalSection(SolutionConfigurationPlatforms) = preSolution
		Debug|Any CPU = Debug|Any CPU
		Release|Any CPU = Release|Any CPU
	EndGlobalSection
	GlobalSection(ProjectConfigurationPlatforms) = postSolution
		{52B28D4B-469D-4693-BC3A-DCF1153CCE8A}.Debug|Any CPU.ActiveCfg = Debug|Any CPU
		{52B28D4B-469D-4693-BC3A-DCF1153CCE8A}.Debug|Any CPU.Build.0 = Debug|Any CPU
		{52B28D4B-469D-4693-BC3A-DCF1153CCE8A}.Release|Any CPU.ActiveCfg = Release|Any CPU
		{52B28D4B-469D-4693-BC3A-DCF1153CCE8A}.Release|Any CPU.Build.0 = Release|Any CPU
		{AE8FD850-F51C-4E26-B10F-CC50E70D0FE0}.Debug|Any CPU.ActiveCfg = Debug|Any CPU
		{AE8FD850-F51C-4E26-B10F-CC50E70D0FE0}.Debug|Any CPU.Build.0 = Debug|Any CPU
		{AE8FD850-F51C-4E26-B10F-CC50E70D0FE0}.Release|Any CPU.ActiveCfg = Release|Any CPU
		{AE8FD850-F51C-4E26-B10F-CC50E70D0FE0}.Release|Any CPU.Build.0 = Release|Any CPU
		{63787BA0-B0F2-43CF-B96D-5965D26C590F}.Debug|Any CPU.ActiveCfg = Debug|Any CPU
		{63787BA0-B0F2-43CF-B96D-5965D26C590F}.Debug|Any CPU.Build.0 = Debug|Any CPU
		{63787BA0-B0F2-43CF-B96D-5965D26C590F}.Release|Any CPU.ActiveCfg = Release|Any CPU
		{63787BA0-B0F2-43CF-B96D-5965D26C590F}.Release|Any CPU.Build.0 = Release|Any CPU
		{3E5E3EBF-3B96-4893-8815-C4C636647A1B}.Debug|Any CPU.ActiveCfg = Debug|Any CPU
		{3E5E3EBF-3B96-4893-8815-C4C636647A1B}.Debug|Any CPU.Build.0 = Debug|Any CPU
		{3E5E3EBF-3B96-4893-8815-C4C636647A1B}.Release|Any CPU.ActiveCfg = Release|Any CPU
		{3E5E3EBF-3B96-4893-8815-C4C636647A1B}.Release|Any CPU.Build.0 = Release|Any CPU
		{BD3748AB-84D7-4102-BE86-51D03BA79A42}.Debug|Any CPU.ActiveCfg = Debug|Any CPU
		{BD3748AB-84D7-4102-BE86-51D03BA79A42}.Debug|Any CPU.Build.0 = Debug|Any CPU
		{BD3748AB-84D7-4102-BE86-51D03BA79A42}.Release|Any CPU.ActiveCfg = Release|Any CPU
		{BD3748AB-84D7-4102-BE86-51D03BA79A42}.Release|Any CPU.Build.0 = Release|Any CPU
		{B6B9733F-1B45-4500-A4E4-D6FDEEC487EC}.Debug|Any CPU.ActiveCfg = Debug|Any CPU
		{B6B9733F-1B45-4500-A4E4-D6FDEEC487EC}.Debug|Any CPU.Build.0 = Debug|Any CPU
		{B6B9733F-1B45-4500-A4E4-D6FDEEC487EC}.Release|Any CPU.ActiveCfg = Release|Any CPU
		{B6B9733F-1B45-4500-A4E4-D6FDEEC487EC}.Release|Any CPU.Build.0 = Release|Any CPU
		{38348E33-7E4E-4336-AA3D-1C47E8E5BADA}.Debug|Any CPU.ActiveCfg = Debug|Any CPU
		{38348E33-7E4E-4336-AA3D-1C47E8E5BADA}.Debug|Any CPU.Build.0 = Debug|Any CPU
		{38348E33-7E4E-4336-AA3D-1C47E8E5BADA}.Release|Any CPU.ActiveCfg = Release|Any CPU
		{38348E33-7E4E-4336-AA3D-1C47E8E5BADA}.Release|Any CPU.Build.0 = Release|Any CPU
	EndGlobalSection
	GlobalSection(SolutionProperties) = preSolution
		HideSolutionNode = FALSE
	EndGlobalSection
	GlobalSection(NestedProjects) = preSolution
		{AE8FD850-F51C-4E26-B10F-CC50E70D0FE0} = {49B4D1A2-0C6F-44C0-B09C-88B9EC728D1F}
		{63787BA0-B0F2-43CF-B96D-5965D26C590F} = {6F80D9AF-5724-4CE7-99E5-5FE90332C282}
		{3E5E3EBF-3B96-4893-8815-C4C636647A1B} = {02EA681E-C7D8-13C7-8484-4AC65E1B71E8}
		{BD3748AB-84D7-4102-BE86-51D03BA79A42} = {87FF954D-092C-4179-AFFC-96218851EA59}
		{B6B9733F-1B45-4500-A4E4-D6FDEEC487EC} = {02EA681E-C7D8-13C7-8484-4AC65E1B71E8}
	EndGlobalSection
	GlobalSection(ExtensibilityGlobals) = postSolution
		SolutionGuid = {2A297A2D-2ECD-46C7-98A5-086675909B7E}
	EndGlobalSection
EndGlobal
